{
  "name": "ajsplatform2",
  "version": "1.0.0",
  "lockfileVersion": 3,
  "requires": true,
  "packages": {
    "": {
      "name": "ajsplatform2",
      "version": "1.0.0",
      "license": "ISC",
      "dependencies": {
        "@speeddy1984/ajsplatform": "^1.0.0"
      }
    },
    "node_modules/@speeddy1984/ajsplatform": {
      "version": "1.0.0",
      "resolved": "https://npm.pkg.github.com/download/@speeddy1984/ajsplatform/1.0.0/be5952f833a60edcb5a12105667bb280032613a1",
      "integrity": "sha512-G8ou0yLGFvgmIXiznC06Fmm8Q6f5f8Tu0Hb/l7tN6LIGfn/hAQz1BPvOdSB8aTo+1Yyd2ADUM1w6Wla68/95Xw==",
      "license": "ISC"
    }
  }
}
